
Microsoft Visual Studio Solution File, Format Version 12.00
# Visual Studio Version 16
VisualStudioVersion = 16.0.30413.136
MinimumVisualStudioVersion = 10.0.40219.1
Project("{FAE04EC0-301F-11D3-BF4B-00C04F79EFBC}") = "GetSteamBg", "GetSteamBg\GetSteamBg.csproj", "{506A7EBA-63B9-4D76-A46B-2420F279AF51}"
EndProject
Global
	GlobalSection(SolutionConfigurationPlatforms) = preSolution
		Debug|Any CPU = Debug|Any CPU
		Release|Any CPU = Release|Any CPU
	EndGlobalSection
	GlobalSection(ProjectConfigurationPlatforms) = postSolution
		{506A7EBA-63B9-4D76-A46B-2420F279AF51}.Debug|Any CPU.ActiveCfg = Debug|Any CPU
		{506A7EBA-63B9-4D76-A46B-2420F279AF51}.Debug|Any CPU.Build.0 = Debug|Any CPU
		{506A7EBA-63B9-4D76-A46B-2420F279AF51}.Release|Any CPU.ActiveCfg = Release|Any CPU
		{506A7EBA-63B9-4D76-A46B-2420F279AF51}.Release|Any CPU.Build.0 = Release|Any CPU
	EndGlobalSection
	GlobalSection(SolutionProperties) = preSolution
		HideSolutionNode = FALSE
	EndGlobalSection
	GlobalSection(ExtensibilityGlobals) = postSolution
		SolutionGuid = {F92E941F-E803-448E-A8DA-C443184C4563}
	EndGlobalSection
EndGlobal
